
Microsoft Visual Studio Solution File, Format Version 12.00
# Visual Studio 15
VisualStudioVersion = 15.0.26124.0
MinimumVisualStudioVersion = 15.0.26124.0
Project("{FAE04EC0-301F-11D3-BF4B-00C04F79EFBC}") = "Domain", "Domain\Domain.csproj", "{B670DB7A-EFF9-4E50-804A-8BEC3774DBC6}"
EndProject
Project("{FAE04EC0-301F-11D3-BF4B-00C04F79EFBC}") = "Application", "Application\Application.csproj", "{440D054F-77BD-4D6C-9B73-7F2CAB97B413}"
EndProject
Project("{FAE04EC0-301F-11D3-BF4B-00C04F79EFBC}") = "Persistence", "Persistence\Persistence.csproj", "{0ED80B62-4279-4122-9CF6-9D2756239BA6}"
EndProject
Project("{FAE04EC0-301F-11D3-BF4B-00C04F79EFBC}") = "API", "API\API.csproj", "{11AD34B1-2CDF-4802-A9AF-E14BAB8DF42F}"
EndProject
Global
	GlobalSection(SolutionConfigurationPlatforms) = preSolution
		Debug|Any CPU = Debug|Any CPU
		Debug|x64 = Debug|x64
		Debug|x86 = Debug|x86
		Release|Any CPU = Release|Any CPU
		Release|x64 = Release|x64
		Release|x86 = Release|x86
	EndGlobalSection
	GlobalSection(SolutionProperties) = preSolution
		HideSolutionNode = FALSE
	EndGlobalSection
	GlobalSection(ProjectConfigurationPlatforms) = postSolution
		{B670DB7A-EFF9-4E50-804A-8BEC3774DBC6}.Debug|Any CPU.ActiveCfg = Debug|Any CPU
		{B670DB7A-EFF9-4E50-804A-8BEC3774DBC6}.Debug|Any CPU.Build.0 = Debug|Any CPU
		{B670DB7A-EFF9-4E50-804A-8BEC3774DBC6}.Debug|x64.ActiveCfg = Debug|Any CPU
		{B670DB7A-EFF9-4E50-804A-8BEC3774DBC6}.Debug|x64.Build.0 = Debug|Any CPU
		{B670DB7A-EFF9-4E50-804A-8BEC3774DBC6}.Debug|x86.ActiveCfg = Debug|Any CPU
		{B670DB7A-EFF9-4E50-804A-8BEC3774DBC6}.Debug|x86.Build.0 = Debug|Any CPU
		{B670DB7A-EFF9-4E50-804A-8BEC3774DBC6}.Release|Any CPU.ActiveCfg = Release|Any CPU
		{B670DB7A-EFF9-4E50-804A-8BEC3774DBC6}.Release|Any CPU.Build.0 = Release|Any CPU
		{B670DB7A-EFF9-4E50-804A-8BEC3774DBC6}.Release|x64.ActiveCfg = Release|Any CPU
		{B670DB7A-EFF9-4E50-804A-8BEC3774DBC6}.Release|x64.Build.0 = Release|Any CPU
		{B670DB7A-EFF9-4E50-804A-8BEC3774DBC6}.Release|x86.ActiveCfg = Release|Any CPU
		{B670DB7A-EFF9-4E50-804A-8BEC3774DBC6}.Release|x86.Build.0 = Release|Any CPU
		{440D054F-77BD-4D6C-9B73-7F2CAB97B413}.Debug|Any CPU.ActiveCfg = Debug|Any CPU
		{440D054F-77BD-4D6C-9B73-7F2CAB97B413}.Debug|Any CPU.Build.0 = Debug|Any CPU
		{440D054F-77BD-4D6C-9B73-7F2CAB97B413}.Debug|x64.ActiveCfg = Debug|Any CPU
		{440D054F-77BD-4D6C-9B73-7F2CAB97B413}.Debug|x64.Build.0 = Debug|Any CPU
		{440D054F-77BD-4D6C-9B73-7F2CAB97B413}.Debug|x86.ActiveCfg = Debug|Any CPU
		{440D054F-77BD-4D6C-9B73-7F2CAB97B413}.Debug|x86.Build.0 = Debug|Any CPU
		{440D054F-77BD-4D6C-9B73-7F2CAB97B413}.Release|Any CPU.ActiveCfg = Release|Any CPU
		{440D054F-77BD-4D6C-9B73-7F2CAB97B413}.Release|Any CPU.Build.0 = Release|Any CPU
		{440D054F-77BD-4D6C-9B73-7F2CAB97B413}.Release|x64.ActiveCfg = Release|Any CPU
		{440D054F-77BD-4D6C-9B73-7F2CAB97B413}.Release|x64.Build.0 = Release|Any CPU
		{440D054F-77BD-4D6C-9B73-7F2CAB97B413}.Release|x86.ActiveCfg = Release|Any CPU
		{440D054F-77BD-4D6C-9B73-7F2CAB97B413}.Release|x86.Build.0 = Release|Any CPU
		{0ED80B62-4279-4122-9CF6-9D2756239BA6}.Debug|Any CPU.ActiveCfg = Debug|Any CPU
		{0ED80B62-4279-4122-9CF6-9D2756239BA6}.Debug|Any CPU.Build.0 = Debug|Any CPU
		{0ED80B62-4279-4122-9CF6-9D2756239BA6}.Debug|x64.ActiveCfg = Debug|Any CPU
		{0ED80B62-4279-4122-9CF6-9D2756239BA6}.Debug|x64.Build.0 = Debug|Any CPU
		{0ED80B62-4279-4122-9CF6-9D2756239BA6}.Debug|x86.ActiveCfg = Debug|Any CPU
		{0ED80B62-4279-4122-9CF6-9D2756239BA6}.Debug|x86.Build.0 = Debug|Any CPU
		{0ED80B62-4279-4122-9CF6-9D2756239BA6}.Release|Any CPU.ActiveCfg = Release|Any CPU
		{0ED80B62-4279-4122-9CF6-9D2756239BA6}.Release|Any CPU.Build.0 = Release|Any CPU
		{0ED80B62-4279-4122-9CF6-9D2756239BA6}.Release|x64.ActiveCfg = Release|Any CPU
		{0ED80B62-4279-4122-9CF6-9D2756239BA6}.Release|x64.Build.0 = Release|Any CPU
		{0ED80B62-4279-4122-9CF6-9D2756239BA6}.Release|x86.ActiveCfg = Release|Any CPU
		{0ED80B62-4279-4122-9CF6-9D2756239BA6}.Release|x86.Build.0 = Release|Any CPU
		{11AD34B1-2CDF-4802-A9AF-E14BAB8DF42F}.Debug|Any CPU.ActiveCfg = Debug|Any CPU
		{11AD34B1-2CDF-4802-A9AF-E14BAB8DF42F}.Debug|Any CPU.Build.0 = Debug|Any CPU
		{11AD34B1-2CDF-4802-A9AF-E14BAB8DF42F}.Debug|x64.ActiveCfg = Debug|Any CPU
		{11AD34B1-2CDF-4802-A9AF-E14BAB8DF42F}.Debug|x64.Build.0 = Debug|Any CPU
		{11AD34B1-2CDF-4802-A9AF-E14BAB8DF42F}.Debug|x86.ActiveCfg = Debug|Any CPU
		{11AD34B1-2CDF-4802-A9AF-E14BAB8DF42F}.Debug|x86.Build.0 = Debug|Any CPU
		{11AD34B1-2CDF-4802-A9AF-E14BAB8DF42F}.Release|Any CPU.ActiveCfg = Release|Any CPU
		{11AD34B1-2CDF-4802-A9AF-E14BAB8DF42F}.Release|Any CPU.Build.0 = Release|Any CPU
		{11AD34B1-2CDF-4802-A9AF-E14BAB8DF42F}.Release|x64.ActiveCfg = Release|Any CPU
		{11AD34B1-2CDF-4802-A9AF-E14BAB8DF42F}.Release|x64.Build.0 = Release|Any CPU
		{11AD34B1-2CDF-4802-A9AF-E14BAB8DF42F}.Release|x86.ActiveCfg = Release|Any CPU
		{11AD34B1-2CDF-4802-A9AF-E14BAB8DF42F}.Release|x86.Build.0 = Release|Any CPU
	EndGlobalSection
EndGlobal
